
Microsoft Visual Studio Solution File, Format Version 12.00
# Visual Studio Version 17
VisualStudioVersion = 17.5.2.0
MinimumVisualStudioVersion = 10.0.40219.1
Project("{2150E333-8FDC-42A3-9474-1A3956D46DE8}") = "Shared", "Shared", "{4F52FD11-658E-A102-6CD3-7D7C16FFA15B}"
EndProject
Project("{FAE04EC0-301F-11D3-BF4B-00C04F79EFBC}") = "AzureDevOpsMcp.Shared", "Shared\AzureDevOpsMcp.Shared.csproj", "{2AE6B552-4247-4FAC-8257-F2456F24B712}"
EndProject
Project("{2150E333-8FDC-42A3-9474-1A3956D46DE8}") = "ManagerAgent", "ManagerAgent", "{F57BB3F2-43B7-9DD1-5772-AD649B3AA61E}"
EndProject
Project("{FAE04EC0-301F-11D3-BF4B-00C04F79EFBC}") = "AzureDevOpsMcp.Manager", "ManagerAgent\AzureDevOpsMcp.Manager.csproj", "{D1591B90-4CAB-40A2-9050-ACBA66EE2739}"
EndProject
Project("{2150E333-8FDC-42A3-9474-1A3956D46DE8}") = "InfraAgent", "InfraAgent", "{57451B79-5C8C-513A-DE61-57DDC8232974}"
EndProject
Project("{FAE04EC0-301F-11D3-BF4B-00C04F79EFBC}") = "AzureDevOpsMcp.Infra", "InfraAgent\AzureDevOpsMcp.Infra.csproj", "{22E6C3B8-3186-44C6-A17D-EA043FDE443E}"
EndProject
Global
	GlobalSection(SolutionConfigurationPlatforms) = preSolution
		Debug|Any CPU = Debug|Any CPU
		Debug|x64 = Debug|x64
		Debug|x86 = Debug|x86
		Release|Any CPU = Release|Any CPU
		Release|x64 = Release|x64
		Release|x86 = Release|x86
	EndGlobalSection
	GlobalSection(ProjectConfigurationPlatforms) = postSolution
		{2AE6B552-4247-4FAC-8257-F2456F24B712}.Debug|Any CPU.ActiveCfg = Debug|Any CPU
		{2AE6B552-4247-4FAC-8257-F2456F24B712}.Debug|Any CPU.Build.0 = Debug|Any CPU
		{2AE6B552-4247-4FAC-8257-F2456F24B712}.Debug|x64.ActiveCfg = Debug|Any CPU
		{2AE6B552-4247-4FAC-8257-F2456F24B712}.Debug|x64.Build.0 = Debug|Any CPU
		{2AE6B552-4247-4FAC-8257-F2456F24B712}.Debug|x86.ActiveCfg = Debug|Any CPU
		{2AE6B552-4247-4FAC-8257-F2456F24B712}.Debug|x86.Build.0 = Debug|Any CPU
		{2AE6B552-4247-4FAC-8257-F2456F24B712}.Release|Any CPU.ActiveCfg = Release|Any CPU
		{2AE6B552-4247-4FAC-8257-F2456F24B712}.Release|Any CPU.Build.0 = Release|Any CPU
		{2AE6B552-4247-4FAC-8257-F2456F24B712}.Release|x64.ActiveCfg = Release|Any CPU
		{2AE6B552-4247-4FAC-8257-F2456F24B712}.Release|x64.Build.0 = Release|Any CPU
		{2AE6B552-4247-4FAC-8257-F2456F24B712}.Release|x86.ActiveCfg = Release|Any CPU
		{2AE6B552-4247-4FAC-8257-F2456F24B712}.Release|x86.Build.0 = Release|Any CPU
		{D1591B90-4CAB-40A2-9050-ACBA66EE2739}.Debug|Any CPU.ActiveCfg = Debug|Any CPU
		{D1591B90-4CAB-40A2-9050-ACBA66EE2739}.Debug|Any CPU.Build.0 = Debug|Any CPU
		{D1591B90-4CAB-40A2-9050-ACBA66EE2739}.Debug|x64.ActiveCfg = Debug|Any CPU
		{D1591B90-4CAB-40A2-9050-ACBA66EE2739}.Debug|x64.Build.0 = Debug|Any CPU
		{D1591B90-4CAB-40A2-9050-ACBA66EE2739}.Debug|x86.ActiveCfg = Debug|Any CPU
		{D1591B90-4CAB-40A2-9050-ACBA66EE2739}.Debug|x86.Build.0 = Debug|Any CPU
		{D1591B90-4CAB-40A2-9050-ACBA66EE2739}.Release|Any CPU.ActiveCfg = Release|Any CPU
		{D1591B90-4CAB-40A2-9050-ACBA66EE2739}.Release|Any CPU.Build.0 = Release|Any CPU
		{D1591B90-4CAB-40A2-9050-ACBA66EE2739}.Release|x64.ActiveCfg = Release|Any CPU
		{D1591B90-4CAB-40A2-9050-ACBA66EE2739}.Release|x64.Build.0 = Release|Any CPU
		{D1591B90-4CAB-40A2-9050-ACBA66EE2739}.Release|x86.ActiveCfg = Release|Any CPU
		{D1591B90-4CAB-40A2-9050-ACBA66EE2739}.Release|x86.Build.0 = Release|Any CPU
		{22E6C3B8-3186-44C6-A17D-EA043FDE443E}.Debug|Any CPU.ActiveCfg = Debug|Any CPU
		{22E6C3B8-3186-44C6-A17D-EA043FDE443E}.Debug|Any CPU.Build.0 = Debug|Any CPU
		{22E6C3B8-3186-44C6-A17D-EA043FDE443E}.Debug|x64.ActiveCfg = Debug|Any CPU
		{22E6C3B8-3186-44C6-A17D-EA043FDE443E}.Debug|x64.Build.0 = Debug|Any CPU
		{22E6C3B8-3186-44C6-A17D-EA043FDE443E}.Debug|x86.ActiveCfg = Debug|Any CPU
		{22E6C3B8-3186-44C6-A17D-EA043FDE443E}.Debug|x86.Build.0 = Debug|Any CPU
		{22E6C3B8-3186-44C6-A17D-EA043FDE443E}.Release|Any CPU.ActiveCfg = Release|Any CPU
		{22E6C3B8-3186-44C6-A17D-EA043FDE443E}.Release|Any CPU.Build.0 = Release|Any CPU
		{22E6C3B8-3186-44C6-A17D-EA043FDE443E}.Release|x64.ActiveCfg = Release|Any CPU
		{22E6C3B8-3186-44C6-A17D-EA043FDE443E}.Release|x64.Build.0 = Release|Any CPU
		{22E6C3B8-3186-44C6-A17D-EA043FDE443E}.Release|x86.ActiveCfg = Release|Any CPU
		{22E6C3B8-3186-44C6-A17D-EA043FDE443E}.Release|x86.Build.0 = Release|Any CPU
	EndGlobalSection
	GlobalSection(SolutionProperties) = preSolution
		HideSolutionNode = FALSE
	EndGlobalSection
	GlobalSection(NestedProjects) = preSolution
		{2AE6B552-4247-4FAC-8257-F2456F24B712} = {4F52FD11-658E-A102-6CD3-7D7C16FFA15B}
		{D1591B90-4CAB-40A2-9050-ACBA66EE2739} = {F57BB3F2-43B7-9DD1-5772-AD649B3AA61E}
		{22E6C3B8-3186-44C6-A17D-EA043FDE443E} = {57451B79-5C8C-513A-DE61-57DDC8232974}
	EndGlobalSection
	GlobalSection(ExtensibilityGlobals) = postSolution
		SolutionGuid = {1D3A8F47-5957-4CFB-B110-DCD8225DA325}
	EndGlobalSection
EndGlobal
